PODS:
  - JSONValue (0.0.3)

DEPENDENCIES:
  - JSONValue (from `https://github.com/VeryLoveLoli/JSONValue.git`)

EXTERNAL SOURCES:
  JSONValue:
    :git: https://github.com/VeryLoveLoli/JSONValue.git

CHECKOUT OPTIONS:
  JSONValue:
    :commit: 0424a66fad7c111e04166ff61fb27152c43c84de
    :git: https://github.com/VeryLoveLoli/JSONValue.git

SPEC CHECKSUMS:
  JSONValue: e822da0fbbd6524d22d569f1b997ca82ccf9e047

PODFILE CHECKSUM: fbee8dd272d260e158edc92be0f2b286e04c206e

COCOAPODS: 1.6.0.beta.1
