PODS:
  - JSONValue (0.0.5)

DEPENDENCIES:
  - JSONValue (from `https://github.com/VeryLoveLoli/JSONValue.git`)

EXTERNAL SOURCES:
  JSONValue:
    :git: https://github.com/VeryLoveLoli/JSONValue.git

CHECKOUT OPTIONS:
  JSONValue:
    :commit: 6b24f195c0b726f948b5e2af2e16700c7c192f95
    :git: https://github.com/VeryLoveLoli/JSONValue.git

SPEC CHECKSUMS:
  JSONValue: a58d0e3e06d72922027dcd6c313eb46e74be0b19

PODFILE CHECKSUM: fbee8dd272d260e158edc92be0f2b286e04c206e

COCOAPODS: 1.6.1
