PODS:
  - JSONValue (0.0.2)

DEPENDENCIES:
  - JSONValue (from `https://github.com/VeryLoveLoli/JSONValue.git`)

EXTERNAL SOURCES:
  JSONValue:
    :git: https://github.com/VeryLoveLoli/JSONValue.git

CHECKOUT OPTIONS:
  JSONValue:
    :commit: 726e094182b0a5da0277231d80d78c1f0d1102ff
    :git: https://github.com/VeryLoveLoli/JSONValue.git

SPEC CHECKSUMS:
  JSONValue: e18b6b14fefd7cfcbe0d8833812db862b6377e96

PODFILE CHECKSUM: fbee8dd272d260e158edc92be0f2b286e04c206e

COCOAPODS: 1.5.3
